
Microsoft Visual Studio Solution File, Format Version 12.00
# Visual Studio Version 17
VisualStudioVersion = 17.8.34316.72
MinimumVisualStudioVersion = 10.0.40219.1
Project("{FAE04EC0-301F-11D3-BF4B-00C04F79EFBC}") = "Solver.Core", "Solver.Core\Solver.Core.csproj", "{5A216A49-9B76-4F02-945F-2E0E2773A9AC}"
EndProject
Project("{2150E333-8FDC-42A3-9474-1A3956D46DE8}") = "Solution Items", "Solution Items", "{A110008B-7256-4717-8C03-9DC819A3E31E}"
	ProjectSection(SolutionItems) = preProject
		README.md = README.md
		version.json = version.json
	EndProjectSection
EndProject
Project("{FAE04EC0-301F-11D3-BF4B-00C04F79EFBC}") = "Solver.Core.Test", "Solver.Core.Test\Solver.Core.Test.csproj", "{6DE3C92E-88BB-4CFE-86BE-9C0B3C424619}"
EndProject
Global
	GlobalSection(SolutionConfigurationPlatforms) = preSolution
		Debug|Any CPU = Debug|Any CPU
		Release|Any CPU = Release|Any CPU
	EndGlobalSection
	GlobalSection(ProjectConfigurationPlatforms) = postSolution
		{5A216A49-9B76-4F02-945F-2E0E2773A9AC}.Debug|Any CPU.ActiveCfg = Debug|Any CPU
		{5A216A49-9B76-4F02-945F-2E0E2773A9AC}.Debug|Any CPU.Build.0 = Debug|Any CPU
		{5A216A49-9B76-4F02-945F-2E0E2773A9AC}.Release|Any CPU.ActiveCfg = Release|Any CPU
		{5A216A49-9B76-4F02-945F-2E0E2773A9AC}.Release|Any CPU.Build.0 = Release|Any CPU
		{6DE3C92E-88BB-4CFE-86BE-9C0B3C424619}.Debug|Any CPU.ActiveCfg = Debug|Any CPU
		{6DE3C92E-88BB-4CFE-86BE-9C0B3C424619}.Debug|Any CPU.Build.0 = Debug|Any CPU
		{6DE3C92E-88BB-4CFE-86BE-9C0B3C424619}.Release|Any CPU.ActiveCfg = Release|Any CPU
		{6DE3C92E-88BB-4CFE-86BE-9C0B3C424619}.Release|Any CPU.Build.0 = Release|Any CPU
	EndGlobalSection
	GlobalSection(SolutionProperties) = preSolution
		HideSolutionNode = FALSE
	EndGlobalSection
	GlobalSection(ExtensibilityGlobals) = postSolution
		SolutionGuid = {8AE0E44D-477F-489D-9B8F-25712E04BAB2}
	EndGlobalSection
EndGlobal
